
Microsoft Visual Studio Solution File, Format Version 12.00
# Visual Studio 15
Project("{FAE04EC0-301F-11D3-BF4B-00C04F79EFBC}") = "PostBook", "PostBook.csproj", "{108DF383-09C2-446B-BF3E-1F18B8A30A4D}"
EndProject
Global
	GlobalSection(SolutionConfigurationPlatforms) = preSolution
		Debug|Any CPU = Debug|Any CPU
		Release|Any CPU = Release|Any CPU
	EndGlobalSection
	GlobalSection(ProjectConfigurationPlatforms) = postSolution
		{108DF383-09C2-446B-BF3E-1F18B8A30A4D}.Debug|Any CPU.ActiveCfg = Debug|Any CPU
		{108DF383-09C2-446B-BF3E-1F18B8A30A4D}.Debug|Any CPU.Build.0 = Debug|Any CPU
		{108DF383-09C2-446B-BF3E-1F18B8A30A4D}.Release|Any CPU.ActiveCfg = Release|Any CPU
		{108DF383-09C2-446B-BF3E-1F18B8A30A4D}.Release|Any CPU.Build.0 = Release|Any CPU
	EndGlobalSection
EndGlobal
